{
  "name": "knowni",
  "lockfileVersion": 3,
  "requires": true,
  "packages": {
    "": {
      "name": "knowni",
      "license": "Apache-2.0",
      "workspaces": [
        "core",
        "retrieval",
        "anchoring",
        "sources"
      ],
      "engines": {
        "node": ">=22.18.0"
      }
    },
    "anchoring": {
      "name": "@knowni/anchoring",
      "version": "0.1.0"
    },
    "core": {
      "name": "@knowni/core",
      "version": "0.1.0"
    },
    "node_modules/@knowni/anchoring": {
      "resolved": "anchoring",
      "link": true
    },
    "node_modules/@knowni/core": {
      "resolved": "core",
      "link": true
    },
    "node_modules/@knowni/retrieval": {
      "resolved": "retrieval",
      "link": true
    },
    "node_modules/@knowni/sources": {
      "resolved": "sources",
      "link": true
    },
    "retrieval": {
      "name": "@knowni/retrieval",
      "version": "0.1.0"
    },
    "sources": {
      "name": "@knowni/sources",
      "version": "0.1.0"
    }
  }
}
